# This file is automatically @generated by Cargo.
# It is not intended for manual editing.
version = 4

[[package]]
name = "als-conform"
version = "0.0.0"
dependencies = [
 "als-syntax",
]

[[package]]
name = "als-core"
version = "0.0.0"
dependencies = [
 "als-solve",
 "als-syntax",
 "als-types",
]

[[package]]
name = "als-instance"
version = "0.0.0"
dependencies = [
 "als-core",
 "als-solve",
 "als-syntax",
 "als-types",
]

[[package]]
name = "als-solve"
version = "0.0.0"

[[package]]
name = "als-sterling"
version = "0.0.0"
dependencies = [
 "als-instance",
 "als-types",
]

[[package]]
name = "als-syntax"
version = "0.0.0"

[[package]]
name = "als-types"
version = "0.0.0"
dependencies = [
 "als-syntax",
]

[[package]]
name = "mettle"
version = "0.0.0"
dependencies = [
 "als-core",
 "als-instance",
 "als-solve",
 "als-sterling",
 "als-syntax",
 "als-types",
]
